// !$*UTF8*$!
{
	archiveVersion = 1;
	classes = {
	};
	objectVersion = 56;
	objects = {

/* Begin PBXBuildFile section */
		A33855732A97C6ED00CAF86F /* FormStruct.swift in Sources */ = {isa = PBXBuildFile; fileRef = A33855722A97C6ED00CAF86F /* FormStruct.swift */; };
		A33A3D5B2A996CAA00A84269 /* ForgotYourPassword.swift in Sources */ = {isa = PBXBuildFile; fileRef = A33A3D5A2A996CAA00A84269 /* ForgotYourPassword.swift */; };
		A33A3D5D2A996D5500A84269 /* SignUpView.swift in Sources */ = {isa = PBXBuildFile; fileRef = A33A3D5C2A996D5500A84269 /* SignUpView.swift */; };
		A33F42632AB3AF7800A8BD58 /* ToggleField.swift in Sources */ = {isa = PBXBuildFile; fileRef = A33F42622AB3AF7800A8BD58 /* ToggleField.swift */; };
		A33F42652AB3AF9F00A8BD58 /* PicField.swift in Sources */ = {isa = PBXBuildFile; fileRef = A33F42642AB3AF9F00A8BD58 /* PicField.swift */; };
		A33F42672AB3AFAD00A8BD58 /* MenuField.swift in Sources */ = {isa = PBXBuildFile; fileRef = A33F42662AB3AFAD00A8BD58 /* MenuField.swift */; };
		A33F426F2AB61A6200A8BD58 /* FormHeader.swift in Sources */ = {isa = PBXBuildFile; fileRef = A33F426E2AB61A6200A8BD58 /* FormHeader.swift */; };
		A36E80922A75AD7700DAC3DD /* unistayApp.swift in Sources */ = {isa = PBXBuildFile; fileRef = A36E80912A75AD7700DAC3DD /* unistayApp.swift */; };
		A36E80942A75AD7700DAC3DD /* ContentView.swift in Sources */ = {isa = PBXBuildFile; fileRef = A36E80932A75AD7700DAC3DD /* ContentView.swift */; };
		A36E80962A75AD7800DAC3DD /* Assets.xcassets in Resources */ = {isa = PBXBuildFile; fileRef = A36E80952A75AD7800DAC3DD /* Assets.xcassets */; };
		A36E80992A75AD7800DAC3DD /* Preview Assets.xcassets in Resources */ = {isa = PBXBuildFile; fileRef = A36E80982A75AD7800DAC3DD /* Preview Assets.xcassets */; };
		A36E80C32A7C49CF00DAC3DD /* eina-03-bold.ttf in Resources */ = {isa = PBXBuildFile; fileRef = A36E80C02A7C49CF00DAC3DD /* eina-03-bold.ttf */; };
		A36E80C42A7C49CF00DAC3DD /* eina-03-regular.ttf in Resources */ = {isa = PBXBuildFile; fileRef = A36E80C12A7C49CF00DAC3DD /* eina-03-regular.ttf */; };
		A36E80C52A7C49CF00DAC3DD /* eina-03-semibold.ttf in Resources */ = {isa = PBXBuildFile; fileRef = A36E80C22A7C49CF00DAC3DD /* eina-03-semibold.ttf */; };
		A36E80CA2A7C724400DAC3DD /* SearchBar.swift in Sources */ = {isa = PBXBuildFile; fileRef = A36E80C92A7C724400DAC3DD /* SearchBar.swift */; };
		A379DD962AA372DF00952C43 /* ProfilePictureSelection.swift in Sources */ = {isa = PBXBuildFile; fileRef = A379DD952AA372DF00952C43 /* ProfilePictureSelection.swift */; };
		A385ECC42A9E3BEA00B1A44D /* LaunchView.swift in Sources */ = {isa = PBXBuildFile; fileRef = A385ECC32A9E3BEA00B1A44D /* LaunchView.swift */; };
		A385ECC62A9E5B1B00B1A44D /* LoginView.swift in Sources */ = {isa = PBXBuildFile; fileRef = A385ECC52A9E5B1B00B1A44D /* LoginView.swift */; };
		A38EDCF92AA7A6A4000FD421 /* PublisherSignUp.swift in Sources */ = {isa = PBXBuildFile; fileRef = A38EDCF82AA7A6A4000FD421 /* PublisherSignUp.swift */; };
		A3DA35492A8CED3A005EAAC9 /* MenuView.swift in Sources */ = {isa = PBXBuildFile; fileRef = A3DA35482A8CED3A005EAAC9 /* MenuView.swift */; };
		A3E245992A90197100BC7E37 /* MenuItem.swift in Sources */ = {isa = PBXBuildFile; fileRef = A3E245982A90197100BC7E37 /* MenuItem.swift */; };
		A3E2459B2A91466000BC7E37 /* MenuItemSheet.swift in Sources */ = {isa = PBXBuildFile; fileRef = A3E2459A2A91466000BC7E37 /* MenuItemSheet.swift */; };
		A3E2459D2A93A62000BC7E37 /* UserPanel.swift in Sources */ = {isa = PBXBuildFile; fileRef = A3E2459C2A93A62000BC7E37 /* UserPanel.swift */; };
		A3E245A32A9401B100BC7E37 /* Suggestion.swift in Sources */ = {isa = PBXBuildFile; fileRef = A3E245A22A9401B100BC7E37 /* Suggestion.swift */; };
		A3E245A52A94DDF000BC7E37 /* University.swift in Sources */ = {isa = PBXBuildFile; fileRef = A3E245A42A94DDF000BC7E37 /* University.swift */; };
		A3E245A72A94DEBC00BC7E37 /* Universities.swift in Sources */ = {isa = PBXBuildFile; fileRef = A3E245A62A94DEBC00BC7E37 /* Universities.swift */; };
		A3F539BD2A8198B300CEDFE7 /* Places.swift in Sources */ = {isa = PBXBuildFile; fileRef = A3F539BC2A8198B300CEDFE7 /* Places.swift */; };
		A3F539BF2A828B2400CEDFE7 /* tabItem.swift in Sources */ = {isa = PBXBuildFile; fileRef = A3F539BE2A828B2400CEDFE7 /* tabItem.swift */; };
		A3F539C32A82E8CD00CEDFE7 /* Selection.swift in Sources */ = {isa = PBXBuildFile; fileRef = A3F539C22A82E8CD00CEDFE7 /* Selection.swift */; };
		A3F539C52A82EC2E00CEDFE7 /* Accomodation.swift in Sources */ = {isa = PBXBuildFile; fileRef = A3F539C42A82EC2E00CEDFE7 /* Accomodation.swift */; };
		A3F539C72A843B3900CEDFE7 /* AccomodationsGroup.swift in Sources */ = {isa = PBXBuildFile; fileRef = A3F539C62A843B3900CEDFE7 /* AccomodationsGroup.swift */; };
		A3F636512AA3C7AB0076E164 /* Crop.swift in Sources */ = {isa = PBXBuildFile; fileRef = A3F636502AA3C7AB0076E164 /* Crop.swift */; };
/* End PBXBuildFile section */

/* Begin PBXFileReference section */
		A33855722A97C6ED00CAF86F /* FormStruct.swift */ = {isa = PBXFileReference; lastKnownFileType = sourcecode.swift; path = FormStruct.swift; sourceTree = "<group>"; };
		A33A3D5A2A996CAA00A84269 /* ForgotYourPassword.swift */ = {isa = PBXFileReference; lastKnownFileType = sourcecode.swift; path = ForgotYourPassword.swift; sourceTree = "<group>"; };
		A33A3D5C2A996D5500A84269 /* SignUpView.swift */ = {isa = PBXFileReference; lastKnownFileType = sourcecode.swift; path = SignUpView.swift; sourceTree = "<group>"; };
		A33F42622AB3AF7800A8BD58 /* ToggleField.swift */ = {isa = PBXFileReference; lastKnownFileType = sourcecode.swift; path = ToggleField.swift; sourceTree = "<group>"; };
		A33F42642AB3AF9F00A8BD58 /* PicField.swift */ = {isa = PBXFileReference; lastKnownFileType = sourcecode.swift; path = PicField.swift; sourceTree = "<group>"; };
		A33F42662AB3AFAD00A8BD58 /* MenuField.swift */ = {isa = PBXFileReference; lastKnownFileType = sourcecode.swift; path = MenuField.swift; sourceTree = "<group>"; };
		A33F426E2AB61A6200A8BD58 /* FormHeader.swift */ = {isa = PBXFileReference; lastKnownFileType = sourcecode.swift; path = FormHeader.swift; sourceTree = "<group>"; };
		A3450F4E2AA4F2AE009792EF /* unistay.app */ = {isa = PBXFileReference; explicitFileType = wrapper.application; includeInIndex = 0; path = unistay.app; sourceTree = BUILT_PRODUCTS_DIR; };
		A36E80912A75AD7700DAC3DD /* unistayApp.swift */ = {isa = PBXFileReference; lastKnownFileType = sourcecode.swift; path = unistayApp.swift; sourceTree = "<group>"; };
		A36E80932A75AD7700DAC3DD /* ContentView.swift */ = {isa = PBXFileReference; lastKnownFileType = sourcecode.swift; path = ContentView.swift; sourceTree = "<group>"; };
		A36E80952A75AD7800DAC3DD /* Assets.xcassets */ = {isa = PBXFileReference; lastKnownFileType = folder.assetcatalog; path = Assets.xcassets; sourceTree = "<group>"; };
		A36E80982A75AD7800DAC3DD /* Preview Assets.xcassets */ = {isa = PBXFileReference; lastKnownFileType = folder.assetcatalog; path = "Preview Assets.xcassets"; sourceTree = "<group>"; };
		A36E80C02A7C49CF00DAC3DD /* eina-03-bold.ttf */ = {isa = PBXFileReference; lastKnownFileType = file; path = "eina-03-bold.ttf"; sourceTree = "<group>"; };
		A36E80C12A7C49CF00DAC3DD /* eina-03-regular.ttf */ = {isa = PBXFileReference; lastKnownFileType = file; path = "eina-03-regular.ttf"; sourceTree = "<group>"; };
		A36E80C22A7C49CF00DAC3DD /* eina-03-semibold.ttf */ = {isa = PBXFileReference; lastKnownFileType = file; path = "eina-03-semibold.ttf"; sourceTree = "<group>"; };
		A36E80C62A7C4A0500DAC3DD /* Info.plist */ = {isa = PBXFileReference; lastKnownFileType = text.plist.xml; path = Info.plist; sourceTree = "<group>"; };
		A36E80C92A7C724400DAC3DD /* SearchBar.swift */ = {isa = PBXFileReference; lastKnownFileType = sourcecode.swift; path = SearchBar.swift; sourceTree = "<group>"; };
		A379DD952AA372DF00952C43 /* ProfilePictureSelection.swift */ = {isa = PBXFileReference; lastKnownFileType = sourcecode.swift; path = ProfilePictureSelection.swift; sourceTree = "<group>"; };
		A385ECC32A9E3BEA00B1A44D /* LaunchView.swift */ = {isa = PBXFileReference; lastKnownFileType = sourcecode.swift; path = LaunchView.swift; sourceTree = "<group>"; };
		A385ECC52A9E5B1B00B1A44D /* LoginView.swift */ = {isa = PBXFileReference; lastKnownFileType = sourcecode.swift; path = LoginView.swift; sourceTree = "<group>"; };
		A38EDCF82AA7A6A4000FD421 /* PublisherSignUp.swift */ = {isa = PBXFileReference; lastKnownFileType = sourcecode.swift; path = PublisherSignUp.swift; sourceTree = "<group>"; };
		A3DA35482A8CED3A005EAAC9 /* MenuView.swift */ = {isa = PBXFileReference; lastKnownFileType = sourcecode.swift; path = MenuView.swift; sourceTree = "<group>"; };
		A3E245982A90197100BC7E37 /* MenuItem.swift */ = {isa = PBXFileReference; lastKnownFileType = sourcecode.swift; path = MenuItem.swift; sourceTree = "<group>"; };
		A3E2459A2A91466000BC7E37 /* MenuItemSheet.swift */ = {isa = PBXFileReference; lastKnownFileType = sourcecode.swift; path = MenuItemSheet.swift; sourceTree = "<group>"; };
		A3E2459C2A93A62000BC7E37 /* UserPanel.swift */ = {isa = PBXFileReference; lastKnownFileType = sourcecode.swift; path = UserPanel.swift; sourceTree = "<group>"; };
		A3E245A22A9401B100BC7E37 /* Suggestion.swift */ = {isa = PBXFileReference; lastKnownFileType = sourcecode.swift; path = Suggestion.swift; sourceTree = "<group>"; };
		A3E245A42A94DDF000BC7E37 /* University.swift */ = {isa = PBXFileReference; lastKnownFileType = sourcecode.swift; path = University.swift; sourceTree = "<group>"; };
		A3E245A62A94DEBC00BC7E37 /* Universities.swift */ = {isa = PBXFileReference; lastKnownFileType = sourcecode.swift; path = Universities.swift; sourceTree = "<group>"; };
		A3F539BC2A8198B300CEDFE7 /* Places.swift */ = {isa = PBXFileReference; lastKnownFileType = sourcecode.swift; path = Places.swift; sourceTree = "<group>"; };
		A3F539BE2A828B2400CEDFE7 /* tabItem.swift */ = {isa = PBXFileReference; lastKnownFileType = sourcecode.swift; path = tabItem.swift; sourceTree = "<group>"; };
		A3F539C22A82E8CD00CEDFE7 /* Selection.swift */ = {isa = PBXFileReference; lastKnownFileType = sourcecode.swift; path = Selection.swift; sourceTree = "<group>"; };
		A3F539C42A82EC2E00CEDFE7 /* Accomodation.swift */ = {isa = PBXFileReference; lastKnownFileType = sourcecode.swift; path = Accomodation.swift; sourceTree = "<group>"; };
		A3F539C62A843B3900CEDFE7 /* AccomodationsGroup.swift */ = {isa = PBXFileReference; lastKnownFileType = sourcecode.swift; path = AccomodationsGroup.swift; sourceTree = "<group>"; };
		A3F636502AA3C7AB0076E164 /* Crop.swift */ = {isa = PBXFileReference; lastKnownFileType = sourcecode.swift; path = Crop.swift; sourceTree = "<group>"; };
/* End PBXFileReference section */

/* Begin PBXFrameworksBuildPhase section */
		A36E808B2A75AD7700DAC3DD /* Frameworks */ = {
			isa = PBXFrameworksBuildPhase;
			buildActionMask = 2147483647;
			files = (
			);
			runOnlyForDeploymentPostprocessing = 0;
		};
/* End PBXFrameworksBuildPhase section */

/* Begin PBXGroup section */
		A33855702A96DEEA00CAF86F /* Universities */ = {
			isa = PBXGroup;
			children = (
				A3E245A42A94DDF000BC7E37 /* University.swift */,
				A3E245A62A94DEBC00BC7E37 /* Universities.swift */,
			);
			path = Universities;
			sourceTree = "<group>";
		};
		A33855712A96DF0800CAF86F /* Profile */ = {
			isa = PBXGroup;
			children = (
				A3E2459C2A93A62000BC7E37 /* UserPanel.swift */,
				A33855702A96DEEA00CAF86F /* Universities */,
			);
			path = Profile;
			sourceTree = "<group>";
		};
		A36E80852A75AD7700DAC3DD = {
			isa = PBXGroup;
			children = (
				A36E80902A75AD7700DAC3DD /* unistay */,
				A3450F4E2AA4F2AE009792EF /* unistay.app */,
			);
			sourceTree = "<group>";
		};
		A36E80902A75AD7700DAC3DD /* unistay */ = {
			isa = PBXGroup;
			children = (
				A3E245A02A93F9A000BC7E37 /* MainPages */,
				A36E80C62A7C4A0500DAC3DD /* Info.plist */,
				A36E80BF2A7C49B100DAC3DD /* Fonts */,
				A36E80912A75AD7700DAC3DD /* unistayApp.swift */,
				A36E80932A75AD7700DAC3DD /* ContentView.swift */,
				A33F42622AB3AF7800A8BD58 /* ToggleField.swift */,
				A33F42642AB3AF9F00A8BD58 /* PicField.swift */,
				A33F42662AB3AFAD00A8BD58 /* MenuField.swift */,
				A385ECC32A9E3BEA00B1A44D /* LaunchView.swift */,
				A33855722A97C6ED00CAF86F /* FormStruct.swift */,
				A33F426E2AB61A6200A8BD58 /* FormHeader.swift */,
				A38EDCF82AA7A6A4000FD421 /* PublisherSignUp.swift */,
				A379DD952AA372DF00952C43 /* ProfilePictureSelection.swift */,
				A3F636502AA3C7AB0076E164 /* Crop.swift */,
				A33A3D5C2A996D5500A84269 /* SignUpView.swift */,
				A385ECC52A9E5B1B00B1A44D /* LoginView.swift */,
				A33A3D5A2A996CAA00A84269 /* ForgotYourPassword.swift */,
				A36E80952A75AD7800DAC3DD /* Assets.xcassets */,
				A36E80972A75AD7800DAC3DD /* Preview Content */,
				A3F539BE2A828B2400CEDFE7 /* tabItem.swift */,
				A3E2459F2A93F97800BC7E37 /* Accommodations */,
				A3E245A22A9401B100BC7E37 /* Suggestion.swift */,
			);
			path = unistay;
			sourceTree = "<group>";
		};
		A36E80972A75AD7800DAC3DD /* Preview Content */ = {
			isa = PBXGroup;
			children = (
				A36E80982A75AD7800DAC3DD /* Preview Assets.xcassets */,
			);
			path = "Preview Content";
			sourceTree = "<group>";
		};
		A36E80BF2A7C49B100DAC3DD /* Fonts */ = {
			isa = PBXGroup;
			children = (
				A36E80C02A7C49CF00DAC3DD /* eina-03-bold.ttf */,
				A36E80C12A7C49CF00DAC3DD /* eina-03-regular.ttf */,
				A36E80C22A7C49CF00DAC3DD /* eina-03-semibold.ttf */,
			);
			path = Fonts;
			sourceTree = "<group>";
		};
		A3E2459E2A93F93600BC7E37 /* Menu */ = {
			isa = PBXGroup;
			children = (
				A3DA35482A8CED3A005EAAC9 /* MenuView.swift */,
				A3E245982A90197100BC7E37 /* MenuItem.swift */,
				A3E2459A2A91466000BC7E37 /* MenuItemSheet.swift */,
			);
			path = Menu;
			sourceTree = "<group>";
		};
		A3E2459F2A93F97800BC7E37 /* Accommodations */ = {
			isa = PBXGroup;
			children = (
				A3F539C42A82EC2E00CEDFE7 /* Accomodation.swift */,
				A3F539C62A843B3900CEDFE7 /* AccomodationsGroup.swift */,
			);
			path = Accommodations;
			sourceTree = "<group>";
		};
		A3E245A02A93F9A000BC7E37 /* MainPages */ = {
			isa = PBXGroup;
			children = (
				A33855712A96DF0800CAF86F /* Profile */,
				A3E245A12A93F9D400BC7E37 /* Places */,
				A3E2459E2A93F93600BC7E37 /* Menu */,
			);
			path = MainPages;
			sourceTree = "<group>";
		};
		A3E245A12A93F9D400BC7E37 /* Places */ = {
			isa = PBXGroup;
			children = (
				A3F539C22A82E8CD00CEDFE7 /* Selection.swift */,
				A36E80C92A7C724400DAC3DD /* SearchBar.swift */,
				A3F539BC2A8198B300CEDFE7 /* Places.swift */,
			);
			path = Places;
			sourceTree = "<group>";
		};
/* End PBXGroup section */

/* Begin PBXNativeTarget section */
		A36E808D2A75AD7700DAC3DD /* unistay */ = {
			isa = PBXNativeTarget;
			buildConfigurationList = A36E809C2A75AD7800DAC3DD /* Build configuration list for PBXNativeTarget "unistay" */;
			buildPhases = (
				A36E808A2A75AD7700DAC3DD /* Sources */,
				A36E808B2A75AD7700DAC3DD /* Frameworks */,
				A36E808C2A75AD7700DAC3DD /* Resources */,
			);
			buildRules = (
			);
			dependencies = (
			);
			name = unistay;
			packageProductDependencies = (
			);
			productName = unistay;
			productReference = A3450F4E2AA4F2AE009792EF /* unistay.app */;
			productType = "com.apple.product-type.application";
		};
/* End PBXNativeTarget section */

/* Begin PBXProject section */
		A36E80862A75AD7700DAC3DD /* Project object */ = {
			isa = PBXProject;
			attributes = {
				BuildIndependentTargetsInParallel = 1;
				LastSwiftUpdateCheck = 1430;
				LastUpgradeCheck = 1430;
				TargetAttributes = {
					A36E808D2A75AD7700DAC3DD = {
						CreatedOnToolsVersion = 14.3.1;
					};
				};
			};
			buildConfigurationList = A36E80892A75AD7700DAC3DD /* Build configuration list for PBXProject "unistay" */;
			compatibilityVersion = "Xcode 14.0";
			developmentRegion = en;
			hasScannedForEncodings = 0;
			knownRegions = (
				en,
				Base,
			);
			mainGroup = A36E80852A75AD7700DAC3DD;
			packageReferences = (
			);
			productRefGroup = A36E80852A75AD7700DAC3DD;
			projectDirPath = "";
			projectRoot = "";
			targets = (
				A36E808D2A75AD7700DAC3DD /* unistay */,
			);
		};
/* End PBXProject section */

/* Begin PBXResourcesBuildPhase section */
		A36E808C2A75AD7700DAC3DD /* Resources */ = {
			isa = PBXResourcesBuildPhase;
			buildActionMask = 2147483647;
			files = (
				A36E80992A75AD7800DAC3DD /* Preview Assets.xcassets in Resources */,
				A36E80C32A7C49CF00DAC3DD /* eina-03-bold.ttf in Resources */,
				A36E80962A75AD7800DAC3DD /* Assets.xcassets in Resources */,
				A36E80C52A7C49CF00DAC3DD /* eina-03-semibold.ttf in Resources */,
				A36E80C42A7C49CF00DAC3DD /* eina-03-regular.ttf in Resources */,
			);
			runOnlyForDeploymentPostprocessing = 0;
		};
/* End PBXResourcesBuildPhase section */

/* Begin PBXSourcesBuildPhase section */
		A36E808A2A75AD7700DAC3DD /* Sources */ = {
			isa = PBXSourcesBuildPhase;
			buildActionMask = 2147483647;
			files = (
				A33F426F2AB61A6200A8BD58 /* FormHeader.swift in Sources */,
				A33A3D5B2A996CAA00A84269 /* ForgotYourPassword.swift in Sources */,
				A385ECC42A9E3BEA00B1A44D /* LaunchView.swift in Sources */,
				A38EDCF92AA7A6A4000FD421 /* PublisherSignUp.swift in Sources */,
				A33F42672AB3AFAD00A8BD58 /* MenuField.swift in Sources */,
				A3E245A72A94DEBC00BC7E37 /* Universities.swift in Sources */,
				A33F42652AB3AF9F00A8BD58 /* PicField.swift in Sources */,
				A3F539C32A82E8CD00CEDFE7 /* Selection.swift in Sources */,
				A3E2459D2A93A62000BC7E37 /* UserPanel.swift in Sources */,
				A33A3D5D2A996D5500A84269 /* SignUpView.swift in Sources */,
				A3F539BF2A828B2400CEDFE7 /* tabItem.swift in Sources */,
				A36E80942A75AD7700DAC3DD /* ContentView.swift in Sources */,
				A3E245A32A9401B100BC7E37 /* Suggestion.swift in Sources */,
				A3E2459B2A91466000BC7E37 /* MenuItemSheet.swift in Sources */,
				A36E80922A75AD7700DAC3DD /* unistayApp.swift in Sources */,
				A3DA35492A8CED3A005EAAC9 /* MenuView.swift in Sources */,
				A379DD962AA372DF00952C43 /* ProfilePictureSelection.swift in Sources */,
				A3F539C72A843B3900CEDFE7 /* AccomodationsGroup.swift in Sources */,
				A33855732A97C6ED00CAF86F /* FormStruct.swift in Sources */,
				A385ECC62A9E5B1B00B1A44D /* LoginView.swift in Sources */,
				A3F539C52A82EC2E00CEDFE7 /* Accomodation.swift in Sources */,
				A36E80CA2A7C724400DAC3DD /* SearchBar.swift in Sources */,
				A3F636512AA3C7AB0076E164 /* Crop.swift in Sources */,
				A33F42632AB3AF7800A8BD58 /* ToggleField.swift in Sources */,
				A3F539BD2A8198B300CEDFE7 /* Places.swift in Sources */,
				A3E245992A90197100BC7E37 /* MenuItem.swift in Sources */,
				A3E245A52A94DDF000BC7E37 /* University.swift in Sources */,
			);
			runOnlyForDeploymentPostprocessing = 0;
		};
/* End PBXSourcesBuildPhase section */

/* Begin XCBuildConfiguration section */
		A36E809A2A75AD7800DAC3DD /* Debug */ = {
			isa = XCBuildConfiguration;
			buildSettings = {
				ALWAYS_SEARCH_USER_PATHS = NO;
				CLANG_ANALYZER_NONNULL = YES;
				CLANG_ANALYZER_NUMBER_OBJECT_CONVERSION = YES_AGGRESSIVE;
				CLANG_CXX_LANGUAGE_STANDARD = "gnu++20";
				CLANG_ENABLE_MODULES = YES;
				CLANG_ENABLE_OBJC_ARC = YES;
				CLANG_ENABLE_OBJC_WEAK = YES;
				CLANG_WARN_BLOCK_CAPTURE_AUTORELEASING = YES;
				CLANG_WARN_BOOL_CONVERSION = YES;
				CLANG_WARN_COMMA = YES;
				CLANG_WARN_CONSTANT_CONVERSION = YES;
				CLANG_WARN_DEPRECATED_OBJC_IMPLEMENTATIONS = YES;
				CLANG_WARN_DIRECT_OBJC_ISA_USAGE = YES_ERROR;
				CLANG_WARN_DOCUMENTATION_COMMENTS = YES;
				CLANG_WARN_EMPTY_BODY = YES;
				CLANG_WARN_ENUM_CONVERSION = YES;
				CLANG_WARN_INFINITE_RECURSION = YES;
				CLANG_WARN_INT_CONVERSION = YES;
				CLANG_WARN_NON_LITERAL_NULL_CONVERSION = YES;
				CLANG_WARN_OBJC_IMPLICIT_RETAIN_SELF = YES;
				CLANG_WARN_OBJC_LITERAL_CONVERSION = YES;
				CLANG_WARN_OBJC_ROOT_CLASS = YES_ERROR;
				CLANG_WARN_QUOTED_INCLUDE_IN_FRAMEWORK_HEADER = YES;
				CLANG_WARN_RANGE_LOOP_ANALYSIS = YES;
				CLANG_WARN_STRICT_PROTOTYPES = YES;
				CLANG_WARN_SUSPICIOUS_MOVE = YES;
				CLANG_WARN_UNGUARDED_AVAILABILITY = YES_AGGRESSIVE;
				CLANG_WARN_UNREACHABLE_CODE = YES;
				CLANG_WARN__DUPLICATE_METHOD_MATCH = YES;
				COPY_PHASE_STRIP = NO;
				DEBUG_INFORMATION_FORMAT = dwarf;
				ENABLE_STRICT_OBJC_MSGSEND = YES;
				ENABLE_TESTABILITY = YES;
				GCC_C_LANGUAGE_STANDARD = gnu11;
				GCC_DYNAMIC_NO_PIC = NO;
				GCC_NO_COMMON_BLOCKS = YES;
				GCC_OPTIMIZATION_LEVEL = 0;
				GCC_PREPROCESSOR_DEFINITIONS = (
					"DEBUG=1",
					"$(inherited)",
				);
				GCC_WARN_64_TO_32_BIT_CONVERSION = YES;
				GCC_WARN_ABOUT_RETURN_TYPE = YES_ERROR;
				GCC_WARN_UNDECLARED_SELECTOR = YES;
				GCC_WARN_UNINITIALIZED_AUTOS = YES_AGGRESSIVE;
				GCC_WARN_UNUSED_FUNCTION = YES;
				GCC_WARN_UNUSED_VARIABLE = YES;
				IPHONEOS_DEPLOYMENT_TARGET = 16.4;
				MTL_ENABLE_DEBUG_INFO = INCLUDE_SOURCE;
				MTL_FAST_MATH = YES;
				ONLY_ACTIVE_ARCH = YES;
				SDKROOT = iphoneos;
				SWIFT_ACTIVE_COMPILATION_CONDITIONS = DEBUG;
				SWIFT_OPTIMIZATION_LEVEL = "-Onone";
			};
			name = Debug;
		};
		A36E809B2A75AD7800DAC3DD /* Release */ = {
			isa = XCBuildConfiguration;
			buildSettings = {
				ALWAYS_SEARCH_USER_PATHS = NO;
				CLANG_ANALYZER_NONNULL = YES;
				CLANG_ANALYZER_NUMBER_OBJECT_CONVERSION = YES_AGGRESSIVE;
				CLANG_CXX_LANGUAGE_STANDARD = "gnu++20";
				CLANG_ENABLE_MODULES = YES;
				CLANG_ENABLE_OBJC_ARC = YES;
				CLANG_ENABLE_OBJC_WEAK = YES;
				CLANG_WARN_BLOCK_CAPTURE_AUTORELEASING = YES;
				CLANG_WARN_BOOL_CONVERSION = YES;
				CLANG_WARN_COMMA = YES;
				CLANG_WARN_CONSTANT_CONVERSION = YES;
				CLANG_WARN_DEPRECATED_OBJC_IMPLEMENTATIONS = YES;
				CLANG_WARN_DIRECT_OBJC_ISA_USAGE = YES_ERROR;
				CLANG_WARN_DOCUMENTATION_COMMENTS = YES;
				CLANG_WARN_EMPTY_BODY = YES;
				CLANG_WARN_ENUM_CONVERSION = YES;
				CLANG_WARN_INFINITE_RECURSION = YES;
				CLANG_WARN_INT_CONVERSION = YES;
				CLANG_WARN_NON_LITERAL_NULL_CONVERSION = YES;
				CLANG_WARN_OBJC_IMPLICIT_RETAIN_SELF = YES;
				CLANG_WARN_OBJC_LITERAL_CONVERSION = YES;
				CLANG_WARN_OBJC_ROOT_CLASS = YES_ERROR;
				CLANG_WARN_QUOTED_INCLUDE_IN_FRAMEWORK_HEADER = YES;
				CLANG_WARN_RANGE_LOOP_ANALYSIS = YES;
				CLANG_WARN_STRICT_PROTOTYPES = YES;
				CLANG_WARN_SUSPICIOUS_MOVE = YES;
				CLANG_WARN_UNGUARDED_AVAILABILITY = YES_AGGRESSIVE;
				CLANG_WARN_UNREACHABLE_CODE = YES;
				CLANG_WARN__DUPLICATE_METHOD_MATCH = YES;
				COPY_PHASE_STRIP = NO;
				DEBUG_INFORMATION_FORMAT = "dwarf-with-dsym";
				ENABLE_NS_ASSERTIONS = NO;
				ENABLE_STRICT_OBJC_MSGSEND = YES;
				GCC_C_LANGUAGE_STANDARD = gnu11;
				GCC_NO_COMMON_BLOCKS = YES;
				GCC_WARN_64_TO_32_BIT_CONVERSION = YES;
				GCC_WARN_ABOUT_RETURN_TYPE = YES_ERROR;
				GCC_WARN_UNDECLARED_SELECTOR = YES;
				GCC_WARN_UNINITIALIZED_AUTOS = YES_AGGRESSIVE;
				GCC_WARN_UNUSED_FUNCTION = YES;
				GCC_WARN_UNUSED_VARIABLE = YES;
				IPHONEOS_DEPLOYMENT_TARGET = 16.4;
				MTL_ENABLE_DEBUG_INFO = NO;
				MTL_FAST_MATH = YES;
				SDKROOT = iphoneos;
				SWIFT_COMPILATION_MODE = wholemodule;
				SWIFT_OPTIMIZATION_LEVEL = "-O";
				VALIDATE_PRODUCT = YES;
			};
			name = Release;
		};
		A36E809D2A75AD7800DAC3DD /* Debug */ = {
			isa = XCBuildConfiguration;
			buildSettings = {
				ASSETCATALOG_COMPILER_APPICON_NAME = AppIcon;
				ASSETCATALOG_COMPILER_GLOBAL_ACCENT_COLOR_NAME = AccentColor;
				CODE_SIGN_IDENTITY = "Apple Development";
				CODE_SIGN_STYLE = Automatic;
				CURRENT_PROJECT_VERSION = 1;
				DEVELOPMENT_ASSET_PATHS = "\"unistay/Preview Content\"";
				DEVELOPMENT_TEAM = 96NX8U4HQS;
				ENABLE_PREVIEWS = YES;
				GENERATE_INFOPLIST_FILE = YES;
				INFOPLIST_FILE = unistay/Info.plist;
				INFOPLIST_KEY_CFBundleDisplayName = UniStay;
				INFOPLIST_KEY_UIApplicationSceneManifest_Generation = YES;
				INFOPLIST_KEY_UIApplicationSupportsIndirectInputEvents = YES;
				INFOPLIST_KEY_UILaunchScreen_Generation = YES;
				INFOPLIST_KEY_UISupportedInterfaceOrientations_iPad = "UIInterfaceOrientationPortrait UIInterfaceOrientationPortraitUpsideDown UIInterfaceOrientationLandscapeLeft UIInterfaceOrientationLandscapeRight";
				INFOPLIST_KEY_UISupportedInterfaceOrientations_iPhone = "UIInterfaceOrientationPortrait UIInterfaceOrientationPortrait UIInterfaceOrientationPortrait";
				LD_RUNPATH_SEARCH_PATHS = (
					"$(inherited)",
					"@executable_path/Frameworks",
				);
				MARKETING_VERSION = 1.0;
				PRODUCT_BUNDLE_IDENTIFIER = com.gu.unistay;
				PRODUCT_NAME = "$(TARGET_NAME)";
				PROVISIONING_PROFILE_SPECIFIER = "";
				SWIFT_EMIT_LOC_STRINGS = YES;
				SWIFT_VERSION = 5.0;
				TARGETED_DEVICE_FAMILY = "1,2";
			};
			name = Debug;
		};
		A36E809E2A75AD7800DAC3DD /* Release */ = {
			isa = XCBuildConfiguration;
			buildSettings = {
				ASSETCATALOG_COMPILER_APPICON_NAME = AppIcon;
				ASSETCATALOG_COMPILER_GLOBAL_ACCENT_COLOR_NAME = AccentColor;
				CODE_SIGN_IDENTITY = "Apple Development";
				CODE_SIGN_STYLE = Automatic;
				CURRENT_PROJECT_VERSION = 1;
				DEVELOPMENT_ASSET_PATHS = "\"unistay/Preview Content\"";
				DEVELOPMENT_TEAM = 96NX8U4HQS;
				ENABLE_PREVIEWS = YES;
				GENERATE_INFOPLIST_FILE = YES;
				INFOPLIST_FILE = unistay/Info.plist;
				INFOPLIST_KEY_CFBundleDisplayName = UniStay;
				INFOPLIST_KEY_UIApplicationSceneManifest_Generation = YES;
				INFOPLIST_KEY_UIApplicationSupportsIndirectInputEvents = YES;
				INFOPLIST_KEY_UILaunchScreen_Generation = YES;
				INFOPLIST_KEY_UISupportedInterfaceOrientations_iPad = "UIInterfaceOrientationPortrait UIInterfaceOrientationPortraitUpsideDown UIInterfaceOrientationLandscapeLeft UIInterfaceOrientationLandscapeRight";
				INFOPLIST_KEY_UISupportedInterfaceOrientations_iPhone = "UIInterfaceOrientationPortrait UIInterfaceOrientationPortrait UIInterfaceOrientationPortrait";
				LD_RUNPATH_SEARCH_PATHS = (
					"$(inherited)",
					"@executable_path/Frameworks",
				);
				MARKETING_VERSION = 1.0;
				PRODUCT_BUNDLE_IDENTIFIER = com.gu.unistay;
				PRODUCT_NAME = "$(TARGET_NAME)";
				PROVISIONING_PROFILE_SPECIFIER = "";
				SWIFT_EMIT_LOC_STRINGS = YES;
				SWIFT_VERSION = 5.0;
				TARGETED_DEVICE_FAMILY = "1,2";
			};
			name = Release;
		};
/* End XCBuildConfiguration section */

/* Begin XCConfigurationList section */
		A36E80892A75AD7700DAC3DD /* Build configuration list for PBXProject "unistay" */ = {
			isa = XCConfigurationList;
			buildConfigurations = (
				A36E809A2A75AD7800DAC3DD /* Debug */,
				A36E809B2A75AD7800DAC3DD /* Release */,
			);
			defaultConfigurationIsVisible = 0;
			defaultConfigurationName = Release;
		};
		A36E809C2A75AD7800DAC3DD /* Build configuration list for PBXNativeTarget "unistay" */ = {
			isa = XCConfigurationList;
			buildConfigurations = (
				A36E809D2A75AD7800DAC3DD /* Debug */,
				A36E809E2A75AD7800DAC3DD /* Release */,
			);
			defaultConfigurationIsVisible = 0;
			defaultConfigurationName = Release;
		};
/* End XCConfigurationList section */
	};
	rootObject = A36E80862A75AD7700DAC3DD /* Project object */;
}
