// !$*UTF8*$!
{
	archiveVersion = 1;
	classes = {
	};
	objectVersion = 56;
	objects = {

/* Begin PBXBuildFile section */
		A301BF5E2AD6EE0D00A40185 /* UserRequests.swift in Sources */ = {isa = PBXBuildFile; fileRef = A301BF5D2AD6EE0D00A40185 /* UserRequests.swift */; };
		A30D79C62ADEBD4E00C44577 /* ProviderPanel.swift in Sources */ = {isa = PBXBuildFile; fileRef = A30D79C52ADEBD4E00C44577 /* ProviderPanel.swift */; };
		A31D7A122AC1B08500AFA05A /* MapSearchBarSignUp.swift in Sources */ = {isa = PBXBuildFile; fileRef = A31D7A112AC1B08500AFA05A /* MapSearchBarSignUp.swift */; };
		A31D7A142AC1B68300AFA05A /* MapSearchBarSignUpFifth.swift in Sources */ = {isa = PBXBuildFile; fileRef = A31D7A132AC1B68300AFA05A /* MapSearchBarSignUpFifth.swift */; };
		A32828602AD41E05002F8642 /* ActiveUniversity.swift in Sources */ = {isa = PBXBuildFile; fileRef = A328285F2AD41E05002F8642 /* ActiveUniversity.swift */; };
		A32828912AD437A1002F8642 /* Chats.swift in Sources */ = {isa = PBXBuildFile; fileRef = A32828902AD437A1002F8642 /* Chats.swift */; };
		A32828942AD48B2E002F8642 /* Nuke in Frameworks */ = {isa = PBXBuildFile; productRef = A32828932AD48B2E002F8642 /* Nuke */; };
		A32828962AD48B2E002F8642 /* NukeExtensions in Frameworks */ = {isa = PBXBuildFile; productRef = A32828952AD48B2E002F8642 /* NukeExtensions */; };
		A32828982AD48B2E002F8642 /* NukeUI in Frameworks */ = {isa = PBXBuildFile; productRef = A32828972AD48B2E002F8642 /* NukeUI */; };
		A328289A2AD48B2E002F8642 /* NukeVideo in Frameworks */ = {isa = PBXBuildFile; productRef = A32828992AD48B2E002F8642 /* NukeVideo */; };
		A328289C2AD490EC002F8642 /* ChatActive.swift in Sources */ = {isa = PBXBuildFile; fileRef = A328289B2AD490EC002F8642 /* ChatActive.swift */; };
		A328289E2AD58C20002F8642 /* ChatRequests.swift in Sources */ = {isa = PBXBuildFile; fileRef = A328289D2AD58C20002F8642 /* ChatRequests.swift */; };
		A32DE6C82AC4F39E0041F9E0 /* SignUpSuccess.swift in Sources */ = {isa = PBXBuildFile; fileRef = A32DE6C72AC4F39E0041F9E0 /* SignUpSuccess.swift */; };
		A3362FEA2AB9296A001FCB34 /* SignUpSecond.swift in Sources */ = {isa = PBXBuildFile; fileRef = A3362FE92AB9296A001FCB34 /* SignUpSecond.swift */; };
		A339593E2AB77594006BFB26 /* TextInputField.swift in Sources */ = {isa = PBXBuildFile; fileRef = A339593D2AB77594006BFB26 /* TextInputField.swift */; };
		A33959402AB77705006BFB26 /* SignUpPublisherFourth.swift in Sources */ = {isa = PBXBuildFile; fileRef = A339593F2AB77705006BFB26 /* SignUpPublisherFourth.swift */; };
		A33959462AB788CB006BFB26 /* MultiSelection.swift in Sources */ = {isa = PBXBuildFile; fileRef = A33959452AB788CB006BFB26 /* MultiSelection.swift */; };
		A33A3D5B2A996CAA00A84269 /* ForgotYourPassword.swift in Sources */ = {isa = PBXBuildFile; fileRef = A33A3D5A2A996CAA00A84269 /* ForgotYourPassword.swift */; };
		A33A3D5D2A996D5500A84269 /* SignUpBasic.swift in Sources */ = {isa = PBXBuildFile; fileRef = A33A3D5C2A996D5500A84269 /* SignUpBasic.swift */; };
		A33F42632AB3AF7800A8BD58 /* ToggleField.swift in Sources */ = {isa = PBXBuildFile; fileRef = A33F42622AB3AF7800A8BD58 /* ToggleField.swift */; };
		A33F42652AB3AF9F00A8BD58 /* PicField.swift in Sources */ = {isa = PBXBuildFile; fileRef = A33F42642AB3AF9F00A8BD58 /* PicField.swift */; };
		A33F42672AB3AFAD00A8BD58 /* MenuField.swift in Sources */ = {isa = PBXBuildFile; fileRef = A33F42662AB3AFAD00A8BD58 /* MenuField.swift */; };
		A33F426F2AB61A6200A8BD58 /* FormHeader.swift in Sources */ = {isa = PBXBuildFile; fileRef = A33F426E2AB61A6200A8BD58 /* FormHeader.swift */; };
		A33F42752AB6375900A8BD58 /* SignUpPublisherSecond.swift in Sources */ = {isa = PBXBuildFile; fileRef = A33F42742AB6375900A8BD58 /* SignUpPublisherSecond.swift */; };
		A34865FE2ACB9169003FD07B /* AccommodationImage.swift in Sources */ = {isa = PBXBuildFile; fileRef = A34865FD2ACB9169003FD07B /* AccommodationImage.swift */; };
		A34866002ACB91AE003FD07B /* OffsetReader.swift in Sources */ = {isa = PBXBuildFile; fileRef = A34865FF2ACB91AE003FD07B /* OffsetReader.swift */; };
		A34866022ACB91D1003FD07B /* ActiveAccommodation.swift in Sources */ = {isa = PBXBuildFile; fileRef = A34866012ACB91D1003FD07B /* ActiveAccommodation.swift */; };
		A34866042ACB91EA003FD07B /* Pagination.swift in Sources */ = {isa = PBXBuildFile; fileRef = A34866032ACB91EA003FD07B /* Pagination.swift */; };
		A349CA212ABE03E200F5C11A /* LocationManager.swift in Sources */ = {isa = PBXBuildFile; fileRef = A349CA202ABE03E200F5C11A /* LocationManager.swift */; };
		A349CA232ABE05A700F5C11A /* MapSearchBar.swift in Sources */ = {isa = PBXBuildFile; fileRef = A349CA222ABE05A700F5C11A /* MapSearchBar.swift */; };
		A35D49912AE2087F006298B4 /* SocketIO in Frameworks */ = {isa = PBXBuildFile; productRef = A35D49902AE2087F006298B4 /* SocketIO */; };
		A364E35C2AB8EA8200C7AB8B /* Login.swift in Sources */ = {isa = PBXBuildFile; fileRef = A364E35B2AB8EA8200C7AB8B /* Login.swift */; };
		A364E35E2AB8ED0300C7AB8B /* LoginHeader.swift in Sources */ = {isa = PBXBuildFile; fileRef = A364E35D2AB8ED0300C7AB8B /* LoginHeader.swift */; };
		A36A74F12ACC7F9A009AB71F /* Register.swift in Sources */ = {isa = PBXBuildFile; fileRef = A36A74F02ACC7F9A009AB71F /* Register.swift */; };
		A36A74F32ACC82C9009AB71F /* NetworkManager.swift in Sources */ = {isa = PBXBuildFile; fileRef = A36A74F22ACC82C9009AB71F /* NetworkManager.swift */; };
		A36A74F72ACC83B0009AB71F /* GetRequests.swift in Sources */ = {isa = PBXBuildFile; fileRef = A36A74F62ACC83B0009AB71F /* GetRequests.swift */; };
		A36A74F92ACC854E009AB71F /* Validate.swift in Sources */ = {isa = PBXBuildFile; fileRef = A36A74F82ACC854E009AB71F /* Validate.swift */; };
		A36A74FB2ACC8890009AB71F /* ResponseModels.swift in Sources */ = {isa = PBXBuildFile; fileRef = A36A74FA2ACC8890009AB71F /* ResponseModels.swift */; };
		A36E80922A75AD7700DAC3DD /* unistayApp.swift in Sources */ = {isa = PBXBuildFile; fileRef = A36E80912A75AD7700DAC3DD /* unistayApp.swift */; };
		A36E80942A75AD7700DAC3DD /* ContentView.swift in Sources */ = {isa = PBXBuildFile; fileRef = A36E80932A75AD7700DAC3DD /* ContentView.swift */; };
		A36E80962A75AD7800DAC3DD /* Assets.xcassets in Resources */ = {isa = PBXBuildFile; fileRef = A36E80952A75AD7800DAC3DD /* Assets.xcassets */; };
		A36E80992A75AD7800DAC3DD /* Preview Assets.xcassets in Resources */ = {isa = PBXBuildFile; fileRef = A36E80982A75AD7800DAC3DD /* Preview Assets.xcassets */; };
		A36E80C32A7C49CF00DAC3DD /* eina-03-bold.ttf in Resources */ = {isa = PBXBuildFile; fileRef = A36E80C02A7C49CF00DAC3DD /* eina-03-bold.ttf */; };
		A36E80C42A7C49CF00DAC3DD /* eina-03-regular.ttf in Resources */ = {isa = PBXBuildFile; fileRef = A36E80C12A7C49CF00DAC3DD /* eina-03-regular.ttf */; };
		A36E80C52A7C49CF00DAC3DD /* eina-03-semibold.ttf in Resources */ = {isa = PBXBuildFile; fileRef = A36E80C22A7C49CF00DAC3DD /* eina-03-semibold.ttf */; };
		A36E80CA2A7C724400DAC3DD /* SearchBar.swift in Sources */ = {isa = PBXBuildFile; fileRef = A36E80C92A7C724400DAC3DD /* SearchBar.swift */; };
		A379DD962AA372DF00952C43 /* ProfilePictureSelection.swift in Sources */ = {isa = PBXBuildFile; fileRef = A379DD952AA372DF00952C43 /* ProfilePictureSelection.swift */; };
		A3A617832AC8D28600A91817 /* Localizable.xcstrings in Resources */ = {isa = PBXBuildFile; fileRef = A3A617822AC8D28600A91817 /* Localizable.xcstrings */; };
		A3D597E12ADC72F500199C09 /* PublicationRequests.swift in Sources */ = {isa = PBXBuildFile; fileRef = A3D597E02ADC72F500199C09 /* PublicationRequests.swift */; };
		A3D597E32ADD575C00199C09 /* ExtraneousUserPanel.swift in Sources */ = {isa = PBXBuildFile; fileRef = A3D597E22ADD575C00199C09 /* ExtraneousUserPanel.swift */; };
		A3DA35492A8CED3A005EAAC9 /* MenuView.swift in Sources */ = {isa = PBXBuildFile; fileRef = A3DA35482A8CED3A005EAAC9 /* MenuView.swift */; };
		A3DB21DF2AE01D840008F53C /* ProviderActivity.swift in Sources */ = {isa = PBXBuildFile; fileRef = A3DB21DE2AE01D840008F53C /* ProviderActivity.swift */; };
		A3E245992A90197100BC7E37 /* MenuItem.swift in Sources */ = {isa = PBXBuildFile; fileRef = A3E245982A90197100BC7E37 /* MenuItem.swift */; };
		A3E2459B2A91466000BC7E37 /* MenuItemSheet.swift in Sources */ = {isa = PBXBuildFile; fileRef = A3E2459A2A91466000BC7E37 /* MenuItemSheet.swift */; };
		A3E2459D2A93A62000BC7E37 /* UserPanel.swift in Sources */ = {isa = PBXBuildFile; fileRef = A3E2459C2A93A62000BC7E37 /* UserPanel.swift */; };
		A3E245A32A9401B100BC7E37 /* Suggestion.swift in Sources */ = {isa = PBXBuildFile; fileRef = A3E245A22A9401B100BC7E37 /* Suggestion.swift */; };
		A3E245A52A94DDF000BC7E37 /* University.swift in Sources */ = {isa = PBXBuildFile; fileRef = A3E245A42A94DDF000BC7E37 /* University.swift */; };
		A3E245A72A94DEBC00BC7E37 /* Universities.swift in Sources */ = {isa = PBXBuildFile; fileRef = A3E245A62A94DEBC00BC7E37 /* Universities.swift */; };
		A3E80BE12AC2F8B800672E8B /* Alamofire in Frameworks */ = {isa = PBXBuildFile; productRef = A3E80BE02AC2F8B800672E8B /* Alamofire */; };
		A3F539BD2A8198B300CEDFE7 /* Places.swift in Sources */ = {isa = PBXBuildFile; fileRef = A3F539BC2A8198B300CEDFE7 /* Places.swift */; };
		A3F539BF2A828B2400CEDFE7 /* tabItem.swift in Sources */ = {isa = PBXBuildFile; fileRef = A3F539BE2A828B2400CEDFE7 /* tabItem.swift */; };
		A3F539C32A82E8CD00CEDFE7 /* Selection.swift in Sources */ = {isa = PBXBuildFile; fileRef = A3F539C22A82E8CD00CEDFE7 /* Selection.swift */; };
		A3F539C52A82EC2E00CEDFE7 /* Accomodation.swift in Sources */ = {isa = PBXBuildFile; fileRef = A3F539C42A82EC2E00CEDFE7 /* Accomodation.swift */; };
		A3F539C72A843B3900CEDFE7 /* AccomodationsGroup.swift in Sources */ = {isa = PBXBuildFile; fileRef = A3F539C62A843B3900CEDFE7 /* AccomodationsGroup.swift */; };
		A3F636512AA3C7AB0076E164 /* Crop.swift in Sources */ = {isa = PBXBuildFile; fileRef = A3F636502AA3C7AB0076E164 /* Crop.swift */; };
		A3FEC77C2AE850D700185EFB /* SavedAccommodations.swift in Sources */ = {isa = PBXBuildFile; fileRef = A3FEC77B2AE850D700185EFB /* SavedAccommodations.swift */; };
/* End PBXBuildFile section */

/* Begin PBXFileReference section */
		A301BF5D2AD6EE0D00A40185 /* UserRequests.swift */ = {isa = PBXFileReference; lastKnownFileType = sourcecode.swift; path = UserRequests.swift; sourceTree = "<group>"; };
		A30D79C52ADEBD4E00C44577 /* ProviderPanel.swift */ = {isa = PBXFileReference; lastKnownFileType = sourcecode.swift; path = ProviderPanel.swift; sourceTree = "<group>"; };
		A31D7A112AC1B08500AFA05A /* MapSearchBarSignUp.swift */ = {isa = PBXFileReference; lastKnownFileType = sourcecode.swift; path = MapSearchBarSignUp.swift; sourceTree = "<group>"; };
		A31D7A132AC1B68300AFA05A /* MapSearchBarSignUpFifth.swift */ = {isa = PBXFileReference; lastKnownFileType = sourcecode.swift; path = MapSearchBarSignUpFifth.swift; sourceTree = "<group>"; };
		A328285F2AD41E05002F8642 /* ActiveUniversity.swift */ = {isa = PBXFileReference; lastKnownFileType = sourcecode.swift; path = ActiveUniversity.swift; sourceTree = "<group>"; };
		A32828902AD437A1002F8642 /* Chats.swift */ = {isa = PBXFileReference; lastKnownFileType = sourcecode.swift; path = Chats.swift; sourceTree = "<group>"; };
		A328289B2AD490EC002F8642 /* ChatActive.swift */ = {isa = PBXFileReference; lastKnownFileType = sourcecode.swift; path = ChatActive.swift; sourceTree = "<group>"; };
		A328289D2AD58C20002F8642 /* ChatRequests.swift */ = {isa = PBXFileReference; lastKnownFileType = sourcecode.swift; path = ChatRequests.swift; sourceTree = "<group>"; };
		A32DE6C72AC4F39E0041F9E0 /* SignUpSuccess.swift */ = {isa = PBXFileReference; lastKnownFileType = sourcecode.swift; path = SignUpSuccess.swift; sourceTree = "<group>"; };
		A3362FE92AB9296A001FCB34 /* SignUpSecond.swift */ = {isa = PBXFileReference; lastKnownFileType = sourcecode.swift; path = SignUpSecond.swift; sourceTree = "<group>"; };
		A339593D2AB77594006BFB26 /* TextInputField.swift */ = {isa = PBXFileReference; lastKnownFileType = sourcecode.swift; path = TextInputField.swift; sourceTree = "<group>"; };
		A339593F2AB77705006BFB26 /* SignUpPublisherFourth.swift */ = {isa = PBXFileReference; lastKnownFileType = sourcecode.swift; path = SignUpPublisherFourth.swift; sourceTree = "<group>"; };
		A33959452AB788CB006BFB26 /* MultiSelection.swift */ = {isa = PBXFileReference; lastKnownFileType = sourcecode.swift; path = MultiSelection.swift; sourceTree = "<group>"; };
		A33A3D5A2A996CAA00A84269 /* ForgotYourPassword.swift */ = {isa = PBXFileReference; lastKnownFileType = sourcecode.swift; path = ForgotYourPassword.swift; sourceTree = "<group>"; };
		A33A3D5C2A996D5500A84269 /* SignUpBasic.swift */ = {isa = PBXFileReference; lastKnownFileType = sourcecode.swift; path = SignUpBasic.swift; sourceTree = "<group>"; };
		A33D12242AC7522D0014B05B /* unistay.entitlements */ = {isa = PBXFileReference; lastKnownFileType = text.plist.entitlements; path = unistay.entitlements; sourceTree = "<group>"; };
		A33F42622AB3AF7800A8BD58 /* ToggleField.swift */ = {isa = PBXFileReference; lastKnownFileType = sourcecode.swift; path = ToggleField.swift; sourceTree = "<group>"; };
		A33F42642AB3AF9F00A8BD58 /* PicField.swift */ = {isa = PBXFileReference; lastKnownFileType = sourcecode.swift; path = PicField.swift; sourceTree = "<group>"; };
		A33F42662AB3AFAD00A8BD58 /* MenuField.swift */ = {isa = PBXFileReference; lastKnownFileType = sourcecode.swift; path = MenuField.swift; sourceTree = "<group>"; };
		A33F426E2AB61A6200A8BD58 /* FormHeader.swift */ = {isa = PBXFileReference; lastKnownFileType = sourcecode.swift; path = FormHeader.swift; sourceTree = "<group>"; };
		A33F42742AB6375900A8BD58 /* SignUpPublisherSecond.swift */ = {isa = PBXFileReference; lastKnownFileType = sourcecode.swift; path = SignUpPublisherSecond.swift; sourceTree = "<group>"; };
		A3450F4E2AA4F2AE009792EF /* unistay.app */ = {isa = PBXFileReference; explicitFileType = wrapper.application; includeInIndex = 0; path = unistay.app; sourceTree = BUILT_PRODUCTS_DIR; };
		A34865FD2ACB9169003FD07B /* AccommodationImage.swift */ = {isa = PBXFileReference; lastKnownFileType = sourcecode.swift; path = AccommodationImage.swift; sourceTree = "<group>"; };
		A34865FF2ACB91AE003FD07B /* OffsetReader.swift */ = {isa = PBXFileReference; lastKnownFileType = sourcecode.swift; path = OffsetReader.swift; sourceTree = "<group>"; };
		A34866012ACB91D1003FD07B /* ActiveAccommodation.swift */ = {isa = PBXFileReference; lastKnownFileType = sourcecode.swift; path = ActiveAccommodation.swift; sourceTree = "<group>"; };
		A34866032ACB91EA003FD07B /* Pagination.swift */ = {isa = PBXFileReference; lastKnownFileType = sourcecode.swift; path = Pagination.swift; sourceTree = "<group>"; };
		A349CA202ABE03E200F5C11A /* LocationManager.swift */ = {isa = PBXFileReference; lastKnownFileType = sourcecode.swift; path = LocationManager.swift; sourceTree = "<group>"; };
		A349CA222ABE05A700F5C11A /* MapSearchBar.swift */ = {isa = PBXFileReference; lastKnownFileType = sourcecode.swift; path = MapSearchBar.swift; sourceTree = "<group>"; };
		A364E35B2AB8EA8200C7AB8B /* Login.swift */ = {isa = PBXFileReference; lastKnownFileType = sourcecode.swift; path = Login.swift; sourceTree = "<group>"; };
		A364E35D2AB8ED0300C7AB8B /* LoginHeader.swift */ = {isa = PBXFileReference; lastKnownFileType = sourcecode.swift; path = LoginHeader.swift; sourceTree = "<group>"; };
		A36A74F02ACC7F9A009AB71F /* Register.swift */ = {isa = PBXFileReference; lastKnownFileType = sourcecode.swift; path = Register.swift; sourceTree = "<group>"; };
		A36A74F22ACC82C9009AB71F /* NetworkManager.swift */ = {isa = PBXFileReference; lastKnownFileType = sourcecode.swift; path = NetworkManager.swift; sourceTree = "<group>"; };
		A36A74F62ACC83B0009AB71F /* GetRequests.swift */ = {isa = PBXFileReference; lastKnownFileType = sourcecode.swift; path = GetRequests.swift; sourceTree = "<group>"; };
		A36A74F82ACC854E009AB71F /* Validate.swift */ = {isa = PBXFileReference; lastKnownFileType = sourcecode.swift; path = Validate.swift; sourceTree = "<group>"; };
		A36A74FA2ACC8890009AB71F /* ResponseModels.swift */ = {isa = PBXFileReference; lastKnownFileType = sourcecode.swift; path = ResponseModels.swift; sourceTree = "<group>"; };
		A36E80912A75AD7700DAC3DD /* unistayApp.swift */ = {isa = PBXFileReference; lastKnownFileType = sourcecode.swift; path = unistayApp.swift; sourceTree = "<group>"; };
		A36E80932A75AD7700DAC3DD /* ContentView.swift */ = {isa = PBXFileReference; lastKnownFileType = sourcecode.swift; path = ContentView.swift; sourceTree = "<group>"; };
		A36E80952A75AD7800DAC3DD /* Assets.xcassets */ = {isa = PBXFileReference; lastKnownFileType = folder.assetcatalog; path = Assets.xcassets; sourceTree = "<group>"; };
		A36E80982A75AD7800DAC3DD /* Preview Assets.xcassets */ = {isa = PBXFileReference; lastKnownFileType = folder.assetcatalog; path = "Preview Assets.xcassets"; sourceTree = "<group>"; };
		A36E80C02A7C49CF00DAC3DD /* eina-03-bold.ttf */ = {isa = PBXFileReference; lastKnownFileType = file; path = "eina-03-bold.ttf"; sourceTree = "<group>"; };
		A36E80C12A7C49CF00DAC3DD /* eina-03-regular.ttf */ = {isa = PBXFileReference; lastKnownFileType = file; path = "eina-03-regular.ttf"; sourceTree = "<group>"; };
		A36E80C22A7C49CF00DAC3DD /* eina-03-semibold.ttf */ = {isa = PBXFileReference; lastKnownFileType = file; path = "eina-03-semibold.ttf"; sourceTree = "<group>"; };
		A36E80C62A7C4A0500DAC3DD /* Info.plist */ = {isa = PBXFileReference; lastKnownFileType = text.plist.xml; path = Info.plist; sourceTree = "<group>"; };
		A36E80C92A7C724400DAC3DD /* SearchBar.swift */ = {isa = PBXFileReference; lastKnownFileType = sourcecode.swift; path = SearchBar.swift; sourceTree = "<group>"; };
		A379DD952AA372DF00952C43 /* ProfilePictureSelection.swift */ = {isa = PBXFileReference; lastKnownFileType = sourcecode.swift; path = ProfilePictureSelection.swift; sourceTree = "<group>"; };
		A3A617822AC8D28600A91817 /* Localizable.xcstrings */ = {isa = PBXFileReference; lastKnownFileType = text.json.xcstrings; path = Localizable.xcstrings; sourceTree = "<group>"; };
		A3D597E02ADC72F500199C09 /* PublicationRequests.swift */ = {isa = PBXFileReference; lastKnownFileType = sourcecode.swift; path = PublicationRequests.swift; sourceTree = "<group>"; };
		A3D597E22ADD575C00199C09 /* ExtraneousUserPanel.swift */ = {isa = PBXFileReference; lastKnownFileType = sourcecode.swift; path = ExtraneousUserPanel.swift; sourceTree = "<group>"; };
		A3DA35482A8CED3A005EAAC9 /* MenuView.swift */ = {isa = PBXFileReference; lastKnownFileType = sourcecode.swift; path = MenuView.swift; sourceTree = "<group>"; };
		A3DB21DE2AE01D840008F53C /* ProviderActivity.swift */ = {isa = PBXFileReference; lastKnownFileType = sourcecode.swift; path = ProviderActivity.swift; sourceTree = "<group>"; };
		A3E245982A90197100BC7E37 /* MenuItem.swift */ = {isa = PBXFileReference; lastKnownFileType = sourcecode.swift; path = MenuItem.swift; sourceTree = "<group>"; };
		A3E2459A2A91466000BC7E37 /* MenuItemSheet.swift */ = {isa = PBXFileReference; lastKnownFileType = sourcecode.swift; path = MenuItemSheet.swift; sourceTree = "<group>"; };
		A3E2459C2A93A62000BC7E37 /* UserPanel.swift */ = {isa = PBXFileReference; lastKnownFileType = sourcecode.swift; path = UserPanel.swift; sourceTree = "<group>"; };
		A3E245A22A9401B100BC7E37 /* Suggestion.swift */ = {isa = PBXFileReference; lastKnownFileType = sourcecode.swift; path = Suggestion.swift; sourceTree = "<group>"; };
		A3E245A42A94DDF000BC7E37 /* University.swift */ = {isa = PBXFileReference; lastKnownFileType = sourcecode.swift; path = University.swift; sourceTree = "<group>"; };
		A3E245A62A94DEBC00BC7E37 /* Universities.swift */ = {isa = PBXFileReference; lastKnownFileType = sourcecode.swift; path = Universities.swift; sourceTree = "<group>"; };
		A3F539BC2A8198B300CEDFE7 /* Places.swift */ = {isa = PBXFileReference; lastKnownFileType = sourcecode.swift; path = Places.swift; sourceTree = "<group>"; };
		A3F539BE2A828B2400CEDFE7 /* tabItem.swift */ = {isa = PBXFileReference; lastKnownFileType = sourcecode.swift; path = tabItem.swift; sourceTree = "<group>"; };
		A3F539C22A82E8CD00CEDFE7 /* Selection.swift */ = {isa = PBXFileReference; lastKnownFileType = sourcecode.swift; path = Selection.swift; sourceTree = "<group>"; };
		A3F539C42A82EC2E00CEDFE7 /* Accomodation.swift */ = {isa = PBXFileReference; lastKnownFileType = sourcecode.swift; path = Accomodation.swift; sourceTree = "<group>"; };
		A3F539C62A843B3900CEDFE7 /* AccomodationsGroup.swift */ = {isa = PBXFileReference; lastKnownFileType = sourcecode.swift; path = AccomodationsGroup.swift; sourceTree = "<group>"; };
		A3F636502AA3C7AB0076E164 /* Crop.swift */ = {isa = PBXFileReference; lastKnownFileType = sourcecode.swift; path = Crop.swift; sourceTree = "<group>"; };
		A3FEC77B2AE850D700185EFB /* SavedAccommodations.swift */ = {isa = PBXFileReference; lastKnownFileType = sourcecode.swift; path = SavedAccommodations.swift; sourceTree = "<group>"; };
/* End PBXFileReference section */

/* Begin PBXFrameworksBuildPhase section */
		A36E808B2A75AD7700DAC3DD /* Frameworks */ = {
			isa = PBXFrameworksBuildPhase;
			buildActionMask = 2147483647;
			files = (
				A3E80BE12AC2F8B800672E8B /* Alamofire in Frameworks */,
				A32828942AD48B2E002F8642 /* Nuke in Frameworks */,
				A328289A2AD48B2E002F8642 /* NukeVideo in Frameworks */,
				A32828962AD48B2E002F8642 /* NukeExtensions in Frameworks */,
				A32828982AD48B2E002F8642 /* NukeUI in Frameworks */,
				A35D49912AE2087F006298B4 /* SocketIO in Frameworks */,
			);
			runOnlyForDeploymentPostprocessing = 0;
		};
/* End PBXFrameworksBuildPhase section */

/* Begin PBXGroup section */
		A32828692AD42554002F8642 /* Chats */ = {
			isa = PBXGroup;
			children = (
				A32828902AD437A1002F8642 /* Chats.swift */,
				A328289B2AD490EC002F8642 /* ChatActive.swift */,
			);
			path = Chats;
			sourceTree = "<group>";
		};
		A33855702A96DEEA00CAF86F /* Universities */ = {
			isa = PBXGroup;
			children = (
				A3E245A22A9401B100BC7E37 /* Suggestion.swift */,
				A3E245A42A94DDF000BC7E37 /* University.swift */,
				A3E245A62A94DEBC00BC7E37 /* Universities.swift */,
				A328285F2AD41E05002F8642 /* ActiveUniversity.swift */,
			);
			path = Universities;
			sourceTree = "<group>";
		};
		A33855712A96DF0800CAF86F /* Profile */ = {
			isa = PBXGroup;
			children = (
				A3E2459C2A93A62000BC7E37 /* UserPanel.swift */,
				A33855702A96DEEA00CAF86F /* Universities */,
				A3D597E22ADD575C00199C09 /* ExtraneousUserPanel.swift */,
				A30D79C52ADEBD4E00C44577 /* ProviderPanel.swift */,
			);
			path = Profile;
			sourceTree = "<group>";
		};
		A33959472AB87527006BFB26 /* PublisherSignUp */ = {
			isa = PBXGroup;
			children = (
				A33F42742AB6375900A8BD58 /* SignUpPublisherSecond.swift */,
				A31D7A112AC1B08500AFA05A /* MapSearchBarSignUp.swift */,
				A339593F2AB77705006BFB26 /* SignUpPublisherFourth.swift */,
				A31D7A132AC1B68300AFA05A /* MapSearchBarSignUpFifth.swift */,
			);
			path = PublisherSignUp;
			sourceTree = "<group>";
		};
		A349CA162ABDFEA200F5C11A /* NormalSignUp */ = {
			isa = PBXGroup;
			children = (
				A349CA222ABE05A700F5C11A /* MapSearchBar.swift */,
				A3362FE92AB9296A001FCB34 /* SignUpSecond.swift */,
			);
			path = NormalSignUp;
			sourceTree = "<group>";
		};
		A349CA172ABDFEF400F5C11A /* Fields */ = {
			isa = PBXGroup;
			children = (
				A349CA182ABE001100F5C11A /* ImageCropping */,
				A33959452AB788CB006BFB26 /* MultiSelection.swift */,
				A339593D2AB77594006BFB26 /* TextInputField.swift */,
				A33A3D5A2A996CAA00A84269 /* ForgotYourPassword.swift */,
				A33F42622AB3AF7800A8BD58 /* ToggleField.swift */,
				A33F42642AB3AF9F00A8BD58 /* PicField.swift */,
				A33F42662AB3AFAD00A8BD58 /* MenuField.swift */,
				A33F426E2AB61A6200A8BD58 /* FormHeader.swift */,
				A364E35D2AB8ED0300C7AB8B /* LoginHeader.swift */,
			);
			path = Fields;
			sourceTree = "<group>";
		};
		A349CA182ABE001100F5C11A /* ImageCropping */ = {
			isa = PBXGroup;
			children = (
				A3F636502AA3C7AB0076E164 /* Crop.swift */,
				A379DD952AA372DF00952C43 /* ProfilePictureSelection.swift */,
			);
			path = ImageCropping;
			sourceTree = "<group>";
		};
		A349CA1F2ABE03AF00F5C11A /* ViewModels */ = {
			isa = PBXGroup;
			children = (
				A34865FD2ACB9169003FD07B /* AccommodationImage.swift */,
				A349CA202ABE03E200F5C11A /* LocationManager.swift */,
			);
			path = ViewModels;
			sourceTree = "<group>";
		};
		A36A74FC2ACC89CE009AB71F /* NetworkingModels */ = {
			isa = PBXGroup;
			children = (
				A36A74F02ACC7F9A009AB71F /* Register.swift */,
				A36A74F22ACC82C9009AB71F /* NetworkManager.swift */,
				A36A74F62ACC83B0009AB71F /* GetRequests.swift */,
				A36A74F82ACC854E009AB71F /* Validate.swift */,
				A36A74FA2ACC8890009AB71F /* ResponseModels.swift */,
				A328289D2AD58C20002F8642 /* ChatRequests.swift */,
				A301BF5D2AD6EE0D00A40185 /* UserRequests.swift */,
				A3D597E02ADC72F500199C09 /* PublicationRequests.swift */,
			);
			path = NetworkingModels;
			sourceTree = "<group>";
		};
		A36E80852A75AD7700DAC3DD = {
			isa = PBXGroup;
			children = (
				A36E80902A75AD7700DAC3DD /* unistay */,
				A3450F4E2AA4F2AE009792EF /* unistay.app */,
			);
			sourceTree = "<group>";
		};
		A36E80902A75AD7700DAC3DD /* unistay */ = {
			isa = PBXGroup;
			children = (
				A3A617822AC8D28600A91817 /* Localizable.xcstrings */,
				A33D12242AC7522D0014B05B /* unistay.entitlements */,
				A36E80C62A7C4A0500DAC3DD /* Info.plist */,
				A349CA172ABDFEF400F5C11A /* Fields */,
				A3E245A02A93F9A000BC7E37 /* MainPages */,
				A349CA162ABDFEA200F5C11A /* NormalSignUp */,
				A33959472AB87527006BFB26 /* PublisherSignUp */,
				A36E80BF2A7C49B100DAC3DD /* Fonts */,
				A36A74FC2ACC89CE009AB71F /* NetworkingModels */,
				A349CA1F2ABE03AF00F5C11A /* ViewModels */,
				A36E80932A75AD7700DAC3DD /* ContentView.swift */,
				A36E80912A75AD7700DAC3DD /* unistayApp.swift */,
				A3F539BE2A828B2400CEDFE7 /* tabItem.swift */,
				A33A3D5C2A996D5500A84269 /* SignUpBasic.swift */,
				A32DE6C72AC4F39E0041F9E0 /* SignUpSuccess.swift */,
				A364E35B2AB8EA8200C7AB8B /* Login.swift */,
				A36E80952A75AD7800DAC3DD /* Assets.xcassets */,
				A36E80972A75AD7800DAC3DD /* Preview Content */,
				A34865FF2ACB91AE003FD07B /* OffsetReader.swift */,
				A34866032ACB91EA003FD07B /* Pagination.swift */,
			);
			path = unistay;
			sourceTree = "<group>";
		};
		A36E80972A75AD7800DAC3DD /* Preview Content */ = {
			isa = PBXGroup;
			children = (
				A36E80982A75AD7800DAC3DD /* Preview Assets.xcassets */,
			);
			path = "Preview Content";
			sourceTree = "<group>";
		};
		A36E80BF2A7C49B100DAC3DD /* Fonts */ = {
			isa = PBXGroup;
			children = (
				A36E80C02A7C49CF00DAC3DD /* eina-03-bold.ttf */,
				A36E80C12A7C49CF00DAC3DD /* eina-03-regular.ttf */,
				A36E80C22A7C49CF00DAC3DD /* eina-03-semibold.ttf */,
			);
			path = Fonts;
			sourceTree = "<group>";
		};
		A3E2459E2A93F93600BC7E37 /* Menu */ = {
			isa = PBXGroup;
			children = (
				A3DA35482A8CED3A005EAAC9 /* MenuView.swift */,
				A3E245982A90197100BC7E37 /* MenuItem.swift */,
				A3E2459A2A91466000BC7E37 /* MenuItemSheet.swift */,
			);
			path = Menu;
			sourceTree = "<group>";
		};
		A3E2459F2A93F97800BC7E37 /* Accommodations */ = {
			isa = PBXGroup;
			children = (
				A34866012ACB91D1003FD07B /* ActiveAccommodation.swift */,
				A3F539C42A82EC2E00CEDFE7 /* Accomodation.swift */,
				A3F539C62A843B3900CEDFE7 /* AccomodationsGroup.swift */,
				A3FEC77B2AE850D700185EFB /* SavedAccommodations.swift */,
			);
			path = Accommodations;
			sourceTree = "<group>";
		};
		A3E245A02A93F9A000BC7E37 /* MainPages */ = {
			isa = PBXGroup;
			children = (
				A33855712A96DF0800CAF86F /* Profile */,
				A3E245A12A93F9D400BC7E37 /* Places */,
				A3E2459E2A93F93600BC7E37 /* Menu */,
				A32828692AD42554002F8642 /* Chats */,
			);
			path = MainPages;
			sourceTree = "<group>";
		};
		A3E245A12A93F9D400BC7E37 /* Places */ = {
			isa = PBXGroup;
			children = (
				A3E2459F2A93F97800BC7E37 /* Accommodations */,
				A3F539C22A82E8CD00CEDFE7 /* Selection.swift */,
				A36E80C92A7C724400DAC3DD /* SearchBar.swift */,
				A3F539BC2A8198B300CEDFE7 /* Places.swift */,
				A3DB21DE2AE01D840008F53C /* ProviderActivity.swift */,
			);
			path = Places;
			sourceTree = "<group>";
		};
/* End PBXGroup section */

/* Begin PBXNativeTarget section */
		A36E808D2A75AD7700DAC3DD /* unistay */ = {
			isa = PBXNativeTarget;
			buildConfigurationList = A36E809C2A75AD7800DAC3DD /* Build configuration list for PBXNativeTarget "unistay" */;
			buildPhases = (
				A36E808A2A75AD7700DAC3DD /* Sources */,
				A36E808B2A75AD7700DAC3DD /* Frameworks */,
				A36E808C2A75AD7700DAC3DD /* Resources */,
			);
			buildRules = (
			);
			dependencies = (
			);
			name = unistay;
			packageProductDependencies = (
				A3E80BE02AC2F8B800672E8B /* Alamofire */,
				A32828932AD48B2E002F8642 /* Nuke */,
				A32828952AD48B2E002F8642 /* NukeExtensions */,
				A32828972AD48B2E002F8642 /* NukeUI */,
				A32828992AD48B2E002F8642 /* NukeVideo */,
				A35D49902AE2087F006298B4 /* SocketIO */,
			);
			productName = unistay;
			productReference = A3450F4E2AA4F2AE009792EF /* unistay.app */;
			productType = "com.apple.product-type.application";
		};
/* End PBXNativeTarget section */

/* Begin PBXProject section */
		A36E80862A75AD7700DAC3DD /* Project object */ = {
			isa = PBXProject;
			attributes = {
				BuildIndependentTargetsInParallel = 1;
				LastSwiftUpdateCheck = 1430;
				LastUpgradeCheck = 1430;
				TargetAttributes = {
					A36E808D2A75AD7700DAC3DD = {
						CreatedOnToolsVersion = 14.3.1;
					};
				};
			};
			buildConfigurationList = A36E80892A75AD7700DAC3DD /* Build configuration list for PBXProject "unistay" */;
			compatibilityVersion = "Xcode 14.0";
			developmentRegion = en;
			hasScannedForEncodings = 0;
			knownRegions = (
				en,
				Base,
				"pt-BR",
				fr,
			);
			mainGroup = A36E80852A75AD7700DAC3DD;
			packageReferences = (
				A3E80BDF2AC2F8B800672E8B /* XCRemoteSwiftPackageReference "Alamofire" */,
				A32828922AD48B2E002F8642 /* XCRemoteSwiftPackageReference "Nuke" */,
				A35D498F2AE2087F006298B4 /* XCRemoteSwiftPackageReference "socket.io-client-swift" */,
			);
			productRefGroup = A36E80852A75AD7700DAC3DD;
			projectDirPath = "";
			projectRoot = "";
			targets = (
				A36E808D2A75AD7700DAC3DD /* unistay */,
			);
		};
/* End PBXProject section */

/* Begin PBXResourcesBuildPhase section */
		A36E808C2A75AD7700DAC3DD /* Resources */ = {
			isa = PBXResourcesBuildPhase;
			buildActionMask = 2147483647;
			files = (
				A36E80992A75AD7800DAC3DD /* Preview Assets.xcassets in Resources */,
				A36E80C32A7C49CF00DAC3DD /* eina-03-bold.ttf in Resources */,
				A3A617832AC8D28600A91817 /* Localizable.xcstrings in Resources */,
				A36E80962A75AD7800DAC3DD /* Assets.xcassets in Resources */,
				A36E80C52A7C49CF00DAC3DD /* eina-03-semibold.ttf in Resources */,
				A36E80C42A7C49CF00DAC3DD /* eina-03-regular.ttf in Resources */,
			);
			runOnlyForDeploymentPostprocessing = 0;
		};
/* End PBXResourcesBuildPhase section */

/* Begin PBXSourcesBuildPhase section */
		A36E808A2A75AD7700DAC3DD /* Sources */ = {
			isa = PBXSourcesBuildPhase;
			buildActionMask = 2147483647;
			files = (
				A33F426F2AB61A6200A8BD58 /* FormHeader.swift in Sources */,
				A364E35C2AB8EA8200C7AB8B /* Login.swift in Sources */,
				A33A3D5B2A996CAA00A84269 /* ForgotYourPassword.swift in Sources */,
				A364E35E2AB8ED0300C7AB8B /* LoginHeader.swift in Sources */,
				A33F42672AB3AFAD00A8BD58 /* MenuField.swift in Sources */,
				A349CA232ABE05A700F5C11A /* MapSearchBar.swift in Sources */,
				A3E245A72A94DEBC00BC7E37 /* Universities.swift in Sources */,
				A328289C2AD490EC002F8642 /* ChatActive.swift in Sources */,
				A3DB21DF2AE01D840008F53C /* ProviderActivity.swift in Sources */,
				A33F42652AB3AF9F00A8BD58 /* PicField.swift in Sources */,
				A3F539C32A82E8CD00CEDFE7 /* Selection.swift in Sources */,
				A32DE6C82AC4F39E0041F9E0 /* SignUpSuccess.swift in Sources */,
				A34866022ACB91D1003FD07B /* ActiveAccommodation.swift in Sources */,
				A36A74F92ACC854E009AB71F /* Validate.swift in Sources */,
				A3E2459D2A93A62000BC7E37 /* UserPanel.swift in Sources */,
				A33A3D5D2A996D5500A84269 /* SignUpBasic.swift in Sources */,
				A36A74FB2ACC8890009AB71F /* ResponseModels.swift in Sources */,
				A33959402AB77705006BFB26 /* SignUpPublisherFourth.swift in Sources */,
				A31D7A122AC1B08500AFA05A /* MapSearchBarSignUp.swift in Sources */,
				A36A74F72ACC83B0009AB71F /* GetRequests.swift in Sources */,
				A3F539BF2A828B2400CEDFE7 /* tabItem.swift in Sources */,
				A3362FEA2AB9296A001FCB34 /* SignUpSecond.swift in Sources */,
				A3D597E32ADD575C00199C09 /* ExtraneousUserPanel.swift in Sources */,
				A31D7A142AC1B68300AFA05A /* MapSearchBarSignUpFifth.swift in Sources */,
				A301BF5E2AD6EE0D00A40185 /* UserRequests.swift in Sources */,
				A36E80942A75AD7700DAC3DD /* ContentView.swift in Sources */,
				A3E245A32A9401B100BC7E37 /* Suggestion.swift in Sources */,
				A349CA212ABE03E200F5C11A /* LocationManager.swift in Sources */,
				A328289E2AD58C20002F8642 /* ChatRequests.swift in Sources */,
				A3E2459B2A91466000BC7E37 /* MenuItemSheet.swift in Sources */,
				A34865FE2ACB9169003FD07B /* AccommodationImage.swift in Sources */,
				A36E80922A75AD7700DAC3DD /* unistayApp.swift in Sources */,
				A32828912AD437A1002F8642 /* Chats.swift in Sources */,
				A36A74F32ACC82C9009AB71F /* NetworkManager.swift in Sources */,
				A3DA35492A8CED3A005EAAC9 /* MenuView.swift in Sources */,
				A379DD962AA372DF00952C43 /* ProfilePictureSelection.swift in Sources */,
				A3F539C72A843B3900CEDFE7 /* AccomodationsGroup.swift in Sources */,
				A33959462AB788CB006BFB26 /* MultiSelection.swift in Sources */,
				A3F539C52A82EC2E00CEDFE7 /* Accomodation.swift in Sources */,
				A339593E2AB77594006BFB26 /* TextInputField.swift in Sources */,
				A36E80CA2A7C724400DAC3DD /* SearchBar.swift in Sources */,
				A34866002ACB91AE003FD07B /* OffsetReader.swift in Sources */,
				A30D79C62ADEBD4E00C44577 /* ProviderPanel.swift in Sources */,
				A33F42752AB6375900A8BD58 /* SignUpPublisherSecond.swift in Sources */,
				A34866042ACB91EA003FD07B /* Pagination.swift in Sources */,
				A3F636512AA3C7AB0076E164 /* Crop.swift in Sources */,
				A33F42632AB3AF7800A8BD58 /* ToggleField.swift in Sources */,
				A3D597E12ADC72F500199C09 /* PublicationRequests.swift in Sources */,
				A36A74F12ACC7F9A009AB71F /* Register.swift in Sources */,
				A3F539BD2A8198B300CEDFE7 /* Places.swift in Sources */,
				A32828602AD41E05002F8642 /* ActiveUniversity.swift in Sources */,
				A3E245992A90197100BC7E37 /* MenuItem.swift in Sources */,
				A3FEC77C2AE850D700185EFB /* SavedAccommodations.swift in Sources */,
				A3E245A52A94DDF000BC7E37 /* University.swift in Sources */,
			);
			runOnlyForDeploymentPostprocessing = 0;
		};
/* End PBXSourcesBuildPhase section */

/* Begin XCBuildConfiguration section */
		A36E809A2A75AD7800DAC3DD /* Debug */ = {
			isa = XCBuildConfiguration;
			buildSettings = {
				ALWAYS_SEARCH_USER_PATHS = NO;
				CLANG_ANALYZER_NONNULL = YES;
				CLANG_ANALYZER_NUMBER_OBJECT_CONVERSION = YES_AGGRESSIVE;
				CLANG_CXX_LANGUAGE_STANDARD = "gnu++20";
				CLANG_ENABLE_MODULES = YES;
				CLANG_ENABLE_OBJC_ARC = YES;
				CLANG_ENABLE_OBJC_WEAK = YES;
				CLANG_WARN_BLOCK_CAPTURE_AUTORELEASING = YES;
				CLANG_WARN_BOOL_CONVERSION = YES;
				CLANG_WARN_COMMA = YES;
				CLANG_WARN_CONSTANT_CONVERSION = YES;
				CLANG_WARN_DEPRECATED_OBJC_IMPLEMENTATIONS = YES;
				CLANG_WARN_DIRECT_OBJC_ISA_USAGE = YES_ERROR;
				CLANG_WARN_DOCUMENTATION_COMMENTS = YES;
				CLANG_WARN_EMPTY_BODY = YES;
				CLANG_WARN_ENUM_CONVERSION = YES;
				CLANG_WARN_INFINITE_RECURSION = YES;
				CLANG_WARN_INT_CONVERSION = YES;
				CLANG_WARN_NON_LITERAL_NULL_CONVERSION = YES;
				CLANG_WARN_OBJC_IMPLICIT_RETAIN_SELF = YES;
				CLANG_WARN_OBJC_LITERAL_CONVERSION = YES;
				CLANG_WARN_OBJC_ROOT_CLASS = YES_ERROR;
				CLANG_WARN_QUOTED_INCLUDE_IN_FRAMEWORK_HEADER = YES;
				CLANG_WARN_RANGE_LOOP_ANALYSIS = YES;
				CLANG_WARN_STRICT_PROTOTYPES = YES;
				CLANG_WARN_SUSPICIOUS_MOVE = YES;
				CLANG_WARN_UNGUARDED_AVAILABILITY = YES_AGGRESSIVE;
				CLANG_WARN_UNREACHABLE_CODE = YES;
				CLANG_WARN__DUPLICATE_METHOD_MATCH = YES;
				COPY_PHASE_STRIP = NO;
				DEBUG_INFORMATION_FORMAT = dwarf;
				ENABLE_STRICT_OBJC_MSGSEND = YES;
				ENABLE_TESTABILITY = YES;
				GCC_C_LANGUAGE_STANDARD = gnu11;
				GCC_DYNAMIC_NO_PIC = NO;
				GCC_NO_COMMON_BLOCKS = YES;
				GCC_OPTIMIZATION_LEVEL = 0;
				GCC_PREPROCESSOR_DEFINITIONS = (
					"DEBUG=1",
					"$(inherited)",
				);
				GCC_WARN_64_TO_32_BIT_CONVERSION = YES;
				GCC_WARN_ABOUT_RETURN_TYPE = YES_ERROR;
				GCC_WARN_UNDECLARED_SELECTOR = YES;
				GCC_WARN_UNINITIALIZED_AUTOS = YES_AGGRESSIVE;
				GCC_WARN_UNUSED_FUNCTION = YES;
				GCC_WARN_UNUSED_VARIABLE = YES;
				IPHONEOS_DEPLOYMENT_TARGET = 17.0;
				MTL_ENABLE_DEBUG_INFO = INCLUDE_SOURCE;
				MTL_FAST_MATH = YES;
				ONLY_ACTIVE_ARCH = YES;
				SDKROOT = iphoneos;
				SWIFT_ACTIVE_COMPILATION_CONDITIONS = DEBUG;
				SWIFT_OPTIMIZATION_LEVEL = "-Onone";
			};
			name = Debug;
		};
		A36E809B2A75AD7800DAC3DD /* Release */ = {
			isa = XCBuildConfiguration;
			buildSettings = {
				ALWAYS_SEARCH_USER_PATHS = NO;
				CLANG_ANALYZER_NONNULL = YES;
				CLANG_ANALYZER_NUMBER_OBJECT_CONVERSION = YES_AGGRESSIVE;
				CLANG_CXX_LANGUAGE_STANDARD = "gnu++20";
				CLANG_ENABLE_MODULES = YES;
				CLANG_ENABLE_OBJC_ARC = YES;
				CLANG_ENABLE_OBJC_WEAK = YES;
				CLANG_WARN_BLOCK_CAPTURE_AUTORELEASING = YES;
				CLANG_WARN_BOOL_CONVERSION = YES;
				CLANG_WARN_COMMA = YES;
				CLANG_WARN_CONSTANT_CONVERSION = YES;
				CLANG_WARN_DEPRECATED_OBJC_IMPLEMENTATIONS = YES;
				CLANG_WARN_DIRECT_OBJC_ISA_USAGE = YES_ERROR;
				CLANG_WARN_DOCUMENTATION_COMMENTS = YES;
				CLANG_WARN_EMPTY_BODY = YES;
				CLANG_WARN_ENUM_CONVERSION = YES;
				CLANG_WARN_INFINITE_RECURSION = YES;
				CLANG_WARN_INT_CONVERSION = YES;
				CLANG_WARN_NON_LITERAL_NULL_CONVERSION = YES;
				CLANG_WARN_OBJC_IMPLICIT_RETAIN_SELF = YES;
				CLANG_WARN_OBJC_LITERAL_CONVERSION = YES;
				CLANG_WARN_OBJC_ROOT_CLASS = YES_ERROR;
				CLANG_WARN_QUOTED_INCLUDE_IN_FRAMEWORK_HEADER = YES;
				CLANG_WARN_RANGE_LOOP_ANALYSIS = YES;
				CLANG_WARN_STRICT_PROTOTYPES = YES;
				CLANG_WARN_SUSPICIOUS_MOVE = YES;
				CLANG_WARN_UNGUARDED_AVAILABILITY = YES_AGGRESSIVE;
				CLANG_WARN_UNREACHABLE_CODE = YES;
				CLANG_WARN__DUPLICATE_METHOD_MATCH = YES;
				COPY_PHASE_STRIP = NO;
				DEBUG_INFORMATION_FORMAT = "dwarf-with-dsym";
				ENABLE_NS_ASSERTIONS = NO;
				ENABLE_STRICT_OBJC_MSGSEND = YES;
				GCC_C_LANGUAGE_STANDARD = gnu11;
				GCC_NO_COMMON_BLOCKS = YES;
				GCC_WARN_64_TO_32_BIT_CONVERSION = YES;
				GCC_WARN_ABOUT_RETURN_TYPE = YES_ERROR;
				GCC_WARN_UNDECLARED_SELECTOR = YES;
				GCC_WARN_UNINITIALIZED_AUTOS = YES_AGGRESSIVE;
				GCC_WARN_UNUSED_FUNCTION = YES;
				GCC_WARN_UNUSED_VARIABLE = YES;
				IPHONEOS_DEPLOYMENT_TARGET = 17.0;
				MTL_ENABLE_DEBUG_INFO = NO;
				MTL_FAST_MATH = YES;
				SDKROOT = iphoneos;
				SWIFT_COMPILATION_MODE = wholemodule;
				SWIFT_OPTIMIZATION_LEVEL = "-O";
				VALIDATE_PRODUCT = YES;
			};
			name = Release;
		};
		A36E809D2A75AD7800DAC3DD /* Debug */ = {
			isa = XCBuildConfiguration;
			buildSettings = {
				ASSETCATALOG_COMPILER_APPICON_NAME = AppIcon;
				ASSETCATALOG_COMPILER_GLOBAL_ACCENT_COLOR_NAME = AccentColor;
				CODE_SIGN_ENTITLEMENTS = unistay/unistay.entitlements;
				CODE_SIGN_IDENTITY = "Apple Development";
				CODE_SIGN_STYLE = Automatic;
				CURRENT_PROJECT_VERSION = 1;
				DEVELOPMENT_ASSET_PATHS = "\"unistay/Preview Content\"";
				DEVELOPMENT_TEAM = 96NX8U4HQS;
				ENABLE_PREVIEWS = YES;
				GENERATE_INFOPLIST_FILE = YES;
				INFOPLIST_FILE = unistay/Info.plist;
				INFOPLIST_KEY_CFBundleDisplayName = UniStay;
				INFOPLIST_KEY_NSLocationWhenInUseUsageDescription = "";
				INFOPLIST_KEY_UIApplicationSceneManifest_Generation = YES;
				INFOPLIST_KEY_UIApplicationSupportsIndirectInputEvents = YES;
				INFOPLIST_KEY_UILaunchScreen_Generation = YES;
				INFOPLIST_KEY_UISupportedInterfaceOrientations_iPad = "UIInterfaceOrientationPortrait UIInterfaceOrientationPortraitUpsideDown UIInterfaceOrientationLandscapeLeft UIInterfaceOrientationLandscapeRight";
				INFOPLIST_KEY_UISupportedInterfaceOrientations_iPhone = "UIInterfaceOrientationPortrait UIInterfaceOrientationPortrait UIInterfaceOrientationPortrait";
				LD_RUNPATH_SEARCH_PATHS = (
					"$(inherited)",
					"@executable_path/Frameworks",
				);
				MARKETING_VERSION = 1.0;
				PRODUCT_BUNDLE_IDENTIFIER = com.gu.unistay;
				PRODUCT_NAME = "$(TARGET_NAME)";
				PROVISIONING_PROFILE_SPECIFIER = "";
				SWIFT_EMIT_LOC_STRINGS = YES;
				SWIFT_VERSION = 5.0;
				TARGETED_DEVICE_FAMILY = "1,2";
			};
			name = Debug;
		};
		A36E809E2A75AD7800DAC3DD /* Release */ = {
			isa = XCBuildConfiguration;
			buildSettings = {
				ASSETCATALOG_COMPILER_APPICON_NAME = AppIcon;
				ASSETCATALOG_COMPILER_GLOBAL_ACCENT_COLOR_NAME = AccentColor;
				CODE_SIGN_ENTITLEMENTS = unistay/unistay.entitlements;
				CODE_SIGN_IDENTITY = "Apple Development";
				CODE_SIGN_STYLE = Automatic;
				CURRENT_PROJECT_VERSION = 1;
				DEVELOPMENT_ASSET_PATHS = "\"unistay/Preview Content\"";
				DEVELOPMENT_TEAM = 96NX8U4HQS;
				ENABLE_PREVIEWS = YES;
				GENERATE_INFOPLIST_FILE = YES;
				INFOPLIST_FILE = unistay/Info.plist;
				INFOPLIST_KEY_CFBundleDisplayName = UniStay;
				INFOPLIST_KEY_NSLocationWhenInUseUsageDescription = "";
				INFOPLIST_KEY_UIApplicationSceneManifest_Generation = YES;
				INFOPLIST_KEY_UIApplicationSupportsIndirectInputEvents = YES;
				INFOPLIST_KEY_UILaunchScreen_Generation = YES;
				INFOPLIST_KEY_UISupportedInterfaceOrientations_iPad = "UIInterfaceOrientationPortrait UIInterfaceOrientationPortraitUpsideDown UIInterfaceOrientationLandscapeLeft UIInterfaceOrientationLandscapeRight";
				INFOPLIST_KEY_UISupportedInterfaceOrientations_iPhone = "UIInterfaceOrientationPortrait UIInterfaceOrientationPortrait UIInterfaceOrientationPortrait";
				LD_RUNPATH_SEARCH_PATHS = (
					"$(inherited)",
					"@executable_path/Frameworks",
				);
				MARKETING_VERSION = 1.0;
				PRODUCT_BUNDLE_IDENTIFIER = com.gu.unistay;
				PRODUCT_NAME = "$(TARGET_NAME)";
				PROVISIONING_PROFILE_SPECIFIER = "";
				SWIFT_EMIT_LOC_STRINGS = YES;
				SWIFT_VERSION = 5.0;
				TARGETED_DEVICE_FAMILY = "1,2";
			};
			name = Release;
		};
/* End XCBuildConfiguration section */

/* Begin XCConfigurationList section */
		A36E80892A75AD7700DAC3DD /* Build configuration list for PBXProject "unistay" */ = {
			isa = XCConfigurationList;
			buildConfigurations = (
				A36E809A2A75AD7800DAC3DD /* Debug */,
				A36E809B2A75AD7800DAC3DD /* Release */,
			);
			defaultConfigurationIsVisible = 0;
			defaultConfigurationName = Release;
		};
		A36E809C2A75AD7800DAC3DD /* Build configuration list for PBXNativeTarget "unistay" */ = {
			isa = XCConfigurationList;
			buildConfigurations = (
				A36E809D2A75AD7800DAC3DD /* Debug */,
				A36E809E2A75AD7800DAC3DD /* Release */,
			);
			defaultConfigurationIsVisible = 0;
			defaultConfigurationName = Release;
		};
/* End XCConfigurationList section */

/* Begin XCRemoteSwiftPackageReference section */
		A32828922AD48B2E002F8642 /* XCRemoteSwiftPackageReference "Nuke" */ = {
			isa = XCRemoteSwiftPackageReference;
			repositoryURL = "https://github.com/kean/Nuke.git";
			requirement = {
				kind = upToNextMajorVersion;
				minimumVersion = 12.1.6;
			};
		};
		A35D498F2AE2087F006298B4 /* XCRemoteSwiftPackageReference "socket.io-client-swift" */ = {
			isa = XCRemoteSwiftPackageReference;
			repositoryURL = "https://github.com/socketio/socket.io-client-swift.git";
			requirement = {
				branch = master;
				kind = branch;
			};
		};
		A3E80BDF2AC2F8B800672E8B /* XCRemoteSwiftPackageReference "Alamofire" */ = {
			isa = XCRemoteSwiftPackageReference;
			repositoryURL = "https://github.com/Alamofire/Alamofire.git";
			requirement = {
				kind = upToNextMajorVersion;
				minimumVersion = 5.8.0;
			};
		};
/* End XCRemoteSwiftPackageReference section */

/* Begin XCSwiftPackageProductDependency section */
		A32828932AD48B2E002F8642 /* Nuke */ = {
			isa = XCSwiftPackageProductDependency;
			package = A32828922AD48B2E002F8642 /* XCRemoteSwiftPackageReference "Nuke" */;
			productName = Nuke;
		};
		A32828952AD48B2E002F8642 /* NukeExtensions */ = {
			isa = XCSwiftPackageProductDependency;
			package = A32828922AD48B2E002F8642 /* XCRemoteSwiftPackageReference "Nuke" */;
			productName = NukeExtensions;
		};
		A32828972AD48B2E002F8642 /* NukeUI */ = {
			isa = XCSwiftPackageProductDependency;
			package = A32828922AD48B2E002F8642 /* XCRemoteSwiftPackageReference "Nuke" */;
			productName = NukeUI;
		};
		A32828992AD48B2E002F8642 /* NukeVideo */ = {
			isa = XCSwiftPackageProductDependency;
			package = A32828922AD48B2E002F8642 /* XCRemoteSwiftPackageReference "Nuke" */;
			productName = NukeVideo;
		};
		A35D49902AE2087F006298B4 /* SocketIO */ = {
			isa = XCSwiftPackageProductDependency;
			package = A35D498F2AE2087F006298B4 /* XCRemoteSwiftPackageReference "socket.io-client-swift" */;
			productName = SocketIO;
		};
		A3E80BE02AC2F8B800672E8B /* Alamofire */ = {
			isa = XCSwiftPackageProductDependency;
			package = A3E80BDF2AC2F8B800672E8B /* XCRemoteSwiftPackageReference "Alamofire" */;
			productName = Alamofire;
		};
/* End XCSwiftPackageProductDependency section */
	};
	rootObject = A36E80862A75AD7700DAC3DD /* Project object */;
}
